Microsoft Visual Studio Solution File, Format Version 12.00
# Visual Studio Version 17
VisualStudioVersion = 17.3.32901.215
MinimumVisualStudioVersion = 10.0.40219.1
Project("{9A19103F-16F7-4668-BE54-9A1E7A4F7556}") = "UPS_Shutdown", "UPS_Shutdown.csproj", "{B6FD3183-F953-18B4-2DEC-513718986B0E}"
EndProject
Global
	GlobalSection(SolutionConfigurationPlatforms) = preSolution
		Debug|Any CPU = Debug|Any CPU
		Release|Any CPU = Release|Any CPU
	EndGlobalSection
	GlobalSection(ProjectConfigurationPlatforms) = postSolution
		{B6FD3183-F953-18B4-2DEC-513718986B0E}.Debug|Any CPU.ActiveCfg = Debug|Any CPU
		{B6FD3183-F953-18B4-2DEC-513718986B0E}.Debug|Any CPU.Build.0 = Debug|Any CPU
		{B6FD3183-F953-18B4-2DEC-513718986B0E}.Release|Any CPU.ActiveCfg = Release|Any CPU
		{B6FD3183-F953-18B4-2DEC-513718986B0E}.Release|Any CPU.Build.0 = Release|Any CPU
	EndGlobalSection
	GlobalSection(SolutionProperties) = preSolution
		HideSolutionNode = FALSE
	EndGlobalSection
	GlobalSection(ExtensibilityGlobals) = postSolution
		SolutionGuid = {DF13D4BC-4820-4C07-8CA0-CAC16C64016C}
	EndGlobalSection
EndGlobal
